{
  "requires": true,
  "lockfileVersion": 1,
  "dependencies": {
    "canvas-datagrid": {
      "version": "0.22.16",
      "resolved": "https://registry.npmjs.org/canvas-datagrid/-/canvas-datagrid-0.22.16.tgz",
      "integrity": "sha512-GwU5pQ6z0U60Xwmoc63dMvanyIdXYwyIOU2KkBhelYHh9IjoKokXu8j0Hi4DALiTph3xj1wRZNO17z5YbJXIyw=="
    }
  }
}
